
Microsoft Visual Studio Solution File, Format Version 12.00
# Visual Studio Version 17
VisualStudioVersion = 17.7.34202.233
MinimumVisualStudioVersion = 10.0.40219.1
Project("{FAE04EC0-301F-11D3-BF4B-00C04F79EFBC}") = "firstproject UWU", "firstproject UWU\firstproject UWU.csproj", "{3F4E5036-AB32-4A2C-B284-80744FB86FD2}"
EndProject
Global
	GlobalSection(SolutionConfigurationPlatforms) = preSolution
		Debug|Any CPU = Debug|Any CPU
		Release|Any CPU = Release|Any CPU
	EndGlobalSection
	GlobalSection(ProjectConfigurationPlatforms) = postSolution
		{3F4E5036-AB32-4A2C-B284-80744FB86FD2}.Debug|Any CPU.ActiveCfg = Debug|Any CPU
		{3F4E5036-AB32-4A2C-B284-80744FB86FD2}.Debug|Any CPU.Build.0 = Debug|Any CPU
		{3F4E5036-AB32-4A2C-B284-80744FB86FD2}.Release|Any CPU.ActiveCfg = Release|Any CPU
		{3F4E5036-AB32-4A2C-B284-80744FB86FD2}.Release|Any CPU.Build.0 = Release|Any CPU
	EndGlobalSection
	GlobalSection(SolutionProperties) = preSolution
		HideSolutionNode = FALSE
	EndGlobalSection
	GlobalSection(ExtensibilityGlobals) = postSolution
		SolutionGuid = {438F6E20-C7BB-402F-A62A-DFC9F655EA07}
	EndGlobalSection
EndGlobal
